
Microsoft Visual Studio Solution File, Format Version 12.00
# Visual Studio 15
VisualStudioVersion = 15.0.27703.2035
MinimumVisualStudioVersion = 10.0.40219.1
Project("{FAE04EC0-301F-11D3-BF4B-00C04F79EFBC}") = "StudentInfo1", "StudentInfo1\StudentInfo1.csproj", "{D6289260-E6F5-4880-9346-D80378750D1A}"
EndProject
Global
	GlobalSection(SolutionConfigurationPlatforms) = preSolution
		Debug|Any CPU = Debug|Any CPU
		Release|Any CPU = Release|Any CPU
	EndGlobalSection
	GlobalSection(ProjectConfigurationPlatforms) = postSolution
		{D6289260-E6F5-4880-9346-D80378750D1A}.Debug|Any CPU.ActiveCfg = Debug|Any CPU
		{D6289260-E6F5-4880-9346-D80378750D1A}.Debug|Any CPU.Build.0 = Debug|Any CPU
		{D6289260-E6F5-4880-9346-D80378750D1A}.Release|Any CPU.ActiveCfg = Release|Any CPU
		{D6289260-E6F5-4880-9346-D80378750D1A}.Release|Any CPU.Build.0 = Release|Any CPU
	EndGlobalSection
	GlobalSection(SolutionProperties) = preSolution
		HideSolutionNode = FALSE
	EndGlobalSection
	GlobalSection(ExtensibilityGlobals) = postSolution
		SolutionGuid = {83DFECE7-11B3-4765-BA91-D0366863FE4C}
	EndGlobalSection
EndGlobal
